[[package]]
name = "alloc_kernel"
version = "0.1.0"
dependencies = [
 "linked_list_allocator 0.4.1 (git+https://github.com/redox-os/linked-list-allocator.git)",
 "spin 0.4.6 (registry+https://github.com/rust-lang/crates.io-index)",
]

[[package]]
name = "bitflags"
version = "0.7.0"
source = "registry+https://github.com/rust-lang/crates.io-index"

[[package]]
name = "bitflags"
version = "1.0.0"
source = "registry+https://github.com/rust-lang/crates.io-index"

[[package]]
name = "gcc"
version = "0.3.54"
source = "registry+https://github.com/rust-lang/crates.io-index"

[[package]]
name = "goblin"
version = "0.0.10"
source = "registry+https://github.com/rust-lang/crates.io-index"
dependencies = [
 "plain 0.0.2 (registry+https://github.com/rust-lang/crates.io-index)",
 "scroll 0.5.0 (registry+https://github.com/rust-lang/crates.io-index)",
]

[[package]]
name = "kernel"
version = "0.1.0"
dependencies = [
 "alloc_kernel 0.1.0",
 "bitflags 1.0.0 (registry+https://github.com/rust-lang/crates.io-index)",
 "goblin 0.0.10 (registry+https://github.com/rust-lang/crates.io-index)",
 "raw-cpuid 3.0.0 (registry+https://github.com/rust-lang/crates.io-index)",
 "redox_syscall 0.1.31",
 "spin 0.4.6 (registry+https://github.com/rust-lang/crates.io-index)",
 "x86 0.7.2 (registry+https://github.com/rust-lang/crates.io-index)",
]

[[package]]
name = "linked_list_allocator"
version = "0.4.1"
source = "git+https://github.com/redox-os/linked-list-allocator.git#465d15c4fa7e9a99bef6fc66971861cb65e040fb"
dependencies = [
 "spin 0.4.6 (registry+https://github.com/rust-lang/crates.io-index)",
]

[[package]]
name = "plain"
version = "0.0.2"
source = "registry+https://github.com/rust-lang/crates.io-index"

[[package]]
name = "raw-cpuid"
version = "2.0.2"
source = "registry+https://github.com/rust-lang/crates.io-index"
dependencies = [
 "bitflags 0.7.0 (registry+https://github.com/rust-lang/crates.io-index)",
]

[[package]]
name = "raw-cpuid"
version = "3.0.0"
source = "registry+https://github.com/rust-lang/crates.io-index"
dependencies = [
 "bitflags 0.7.0 (registry+https://github.com/rust-lang/crates.io-index)",
 "gcc 0.3.54 (registry+https://github.com/rust-lang/crates.io-index)",
]

[[package]]
name = "redox_syscall"
version = "0.1.31"

[[package]]
name = "scroll"
version = "0.5.0"
source = "registry+https://github.com/rust-lang/crates.io-index"

[[package]]
name = "spin"
version = "0.4.6"
source = "registry+https://github.com/rust-lang/crates.io-index"

[[package]]
name = "x86"
version = "0.7.2"
source = "registry+https://github.com/rust-lang/crates.io-index"
dependencies = [
 "raw-cpuid 2.0.2 (registry+https://github.com/rust-lang/crates.io-index)",
]

[metadata]
"checksum bitflags 0.7.0 (registry+https://github.com/rust-lang/crates.io-index)" = "aad18937a628ec6abcd26d1489012cc0e18c21798210f491af69ded9b881106d"
"checksum bitflags 1.0.0 (registry+https://github.com/rust-lang/crates.io-index)" = "f5cde24d1b2e2216a726368b2363a273739c91f4e3eb4e0dd12d672d396ad989"
"checksum gcc 0.3.54 (registry+https://github.com/rust-lang/crates.io-index)" = "5e33ec290da0d127825013597dbdfc28bee4964690c7ce1166cbc2a7bd08b1bb"
"checksum goblin 0.0.10 (registry+https://github.com/rust-lang/crates.io-index)" = "81af14056c25d33759862c5ae2035452acb1255bfb1b16db57819f183921e259"
"checksum linked_list_allocator 0.4.1 (git+https://github.com/redox-os/linked-list-allocator.git)" = "<none>"
"checksum plain 0.0.2 (registry+https://github.com/rust-lang/crates.io-index)" = "595830506990cbd6a1a08ed73bd9b40beb4692f38334885bf25a5daa654c6fae"
"checksum raw-cpuid 2.0.2 (registry+https://github.com/rust-lang/crates.io-index)" = "13b844e4049605ff38fed943f5c7b2c691fad68d9d5bf074d2720554c4e48246"
"checksum raw-cpuid 3.0.0 (registry+https://github.com/rust-lang/crates.io-index)" = "779585861d55e586db9d6abe4352cd9466e09a3319342c417baf34b2740af74e"
"checksum scroll 0.5.0 (registry+https://github.com/rust-lang/crates.io-index)" = "1d916a75d18d4c559fa7312afe6f522fe5b63176e6591d02ed81017c22f8ea27"
"checksum spin 0.4.6 (registry+https://github.com/rust-lang/crates.io-index)" = "7e4deb3c2455c73779e6d3eebceae9599fc70957e54c69fe88f93aa48e62f432"
"checksum x86 0.7.2 (registry+https://github.com/rust-lang/crates.io-index)" = "127728f29f7cfb243a9264c80fc7e57bd1abb3ab015850b05736efda2abe5859"
